
Microsoft Visual Studio Solution File, Format Version 12.00
# Visual Studio 2012
Project("{FAE04EC0-301F-11D3-BF4B-00C04F79EFBC}") = "ProxyTesting", "ProxyTesting\ProxyTesting.csproj", "{5C2F0CC6-9325-4488-BAD3-3EE259CA290A}"
EndProject
Project("{FAE04EC0-301F-11D3-BF4B-00C04F79EFBC}") = "Controllers", "Controllers\Controllers.csproj", "{F74659F1-F010-4C16-87BF-132719E16ADA}"
EndProject
Project("{FAE04EC0-301F-11D3-BF4B-00C04F79EFBC}") = "Tests", "Tests\Tests.csproj", "{7477683F-EBFD-4628-B8B7-575C2C7D9647}"
EndProject
Global
	GlobalSection(SolutionConfigurationPlatforms) = preSolution
		Debug|Any CPU = Debug|Any CPU
		Release|Any CPU = Release|Any CPU
	EndGlobalSection
	GlobalSection(ProjectConfigurationPlatforms) = postSolution
		{5C2F0CC6-9325-4488-BAD3-3EE259CA290A}.Debug|Any CPU.ActiveCfg = Debug|Any CPU
		{5C2F0CC6-9325-4488-BAD3-3EE259CA290A}.Debug|Any CPU.Build.0 = Debug|Any CPU
		{5C2F0CC6-9325-4488-BAD3-3EE259CA290A}.Release|Any CPU.ActiveCfg = Release|Any CPU
		{5C2F0CC6-9325-4488-BAD3-3EE259CA290A}.Release|Any CPU.Build.0 = Release|Any CPU
		{F74659F1-F010-4C16-87BF-132719E16ADA}.Debug|Any CPU.ActiveCfg = Debug|Any CPU
		{F74659F1-F010-4C16-87BF-132719E16ADA}.Debug|Any CPU.Build.0 = Debug|Any CPU
		{F74659F1-F010-4C16-87BF-132719E16ADA}.Release|Any CPU.ActiveCfg = Release|Any CPU
		{F74659F1-F010-4C16-87BF-132719E16ADA}.Release|Any CPU.Build.0 = Release|Any CPU
		{7477683F-EBFD-4628-B8B7-575C2C7D9647}.Debug|Any CPU.ActiveCfg = Debug|Any CPU
		{7477683F-EBFD-4628-B8B7-575C2C7D9647}.Debug|Any CPU.Build.0 = Debug|Any CPU
		{7477683F-EBFD-4628-B8B7-575C2C7D9647}.Release|Any CPU.ActiveCfg = Release|Any CPU
		{7477683F-EBFD-4628-B8B7-575C2C7D9647}.Release|Any CPU.Build.0 = Release|Any CPU
	EndGlobalSection
	GlobalSection(SolutionProperties) = preSolution
		HideSolutionNode = FALSE
	EndGlobalSection
EndGlobal
